// !$*UTF8*$!
{
	archiveVersion = 1;
	classes = {
	};
	objectVersion = 46;
	objects = {

/* Begin PBXBuildFile section */
		A11E60111631E52300F0877C /* EasyGraphExporterViewController.m in Sources */ = {isa = PBXBuildFile; fileRef = A11E600F1631E52300F0877C /* EasyGraphExporterViewController.m */; };
		A11E60121631E52300F0877C /* EasyGraphExporterViewController.xib in Resources */ = {isa = PBXBuildFile; fileRef = A11E60101631E52300F0877C /* EasyGraphExporterViewController.xib */; };
		A12499131638B9FB0021FB3C /* EasyGraphPetersenIcon.png in Resources */ = {isa = PBXBuildFile; fileRef = A12499121638B9FB0021FB3C /* EasyGraphPetersenIcon.png */; };
		A1B4A1CE15BCED2C00B80867 /* EasyGraphEdgeView.m in Sources */ = {isa = PBXBuildFile; fileRef = A1B4A1CD15BCED2C00B80867 /* EasyGraphEdgeView.m */; };
		A1B5A64315B9EBE000EEC312 /* EasyGraphVertexView.m in Sources */ = {isa = PBXBuildFile; fileRef = A1B5A64215B9EBE000EEC312 /* EasyGraphVertexView.m */; };
		A1B5A64E15BAB5E100EEC312 /* QuartzCore.framework in Frameworks */ = {isa = PBXBuildFile; fileRef = A1B5A64D15BAB5E100EEC312 /* QuartzCore.framework */; };
		A1B60BDE163F48A5007D943E /* EasyGraphPopoverBackgroundView.m in Sources */ = {isa = PBXBuildFile; fileRef = A1B60BDD163F48A5007D943E /* EasyGraphPopoverBackgroundView.m */; };
		A1EE420F1641C55400323664 /* EasyGraphElement.m in Sources */ = {isa = PBXBuildFile; fileRef = A1EE420E1641C55400323664 /* EasyGraphElement.m */; };
		A1EE421316420D1E00323664 /* bg-popover-arrow.png in Resources */ = {isa = PBXBuildFile; fileRef = A1EE421116420D1E00323664 /* bg-popover-arrow.png */; };
		A1EE421416420D1E00323664 /* bg-popover-grey.png in Resources */ = {isa = PBXBuildFile; fileRef = A1EE421216420D1E00323664 /* bg-popover-grey.png */; };
		A1EE421A1642128900323664 /* DropboxSDK.framework in Frameworks */ = {isa = PBXBuildFile; fileRef = A1EE42191642128900323664 /* DropboxSDK.framework */; };
		A1EE42201642153500323664 /* Security.framework in Frameworks */ = {isa = PBXBuildFile; fileRef = A1EE421F1642153500323664 /* Security.framework */; settings = {ATTRIBUTES = (Required, ); }; };
		A1F99B2915B8D32600A3AF94 /* UIKit.framework in Frameworks */ = {isa = PBXBuildFile; fileRef = A1F99B2815B8D32600A3AF94 /* UIKit.framework */; };
		A1F99B2B15B8D32600A3AF94 /* Foundation.framework in Frameworks */ = {isa = PBXBuildFile; fileRef = A1F99B2A15B8D32600A3AF94 /* Foundation.framework */; };
		A1F99B2D15B8D32600A3AF94 /* CoreGraphics.framework in Frameworks */ = {isa = PBXBuildFile; fileRef = A1F99B2C15B8D32600A3AF94 /* CoreGraphics.framework */; };
		A1F99B3315B8D32600A3AF94 /* InfoPlist.strings in Resources */ = {isa = PBXBuildFile; fileRef = A1F99B3115B8D32600A3AF94 /* InfoPlist.strings */; };
		A1F99B3515B8D32600A3AF94 /* main.m in Sources */ = {isa = PBXBuildFile; fileRef = A1F99B3415B8D32600A3AF94 /* main.m */; };
		A1F99B3915B8D32600A3AF94 /* EasyGraphAppDelegate.m in Sources */ = {isa = PBXBuildFile; fileRef = A1F99B3815B8D32600A3AF94 /* EasyGraphAppDelegate.m */; };
		A1F99B3C15B8D32600A3AF94 /* EasyGraphMasterViewController.m in Sources */ = {isa = PBXBuildFile; fileRef = A1F99B3B15B8D32600A3AF94 /* EasyGraphMasterViewController.m */; };
		A1F99B3F15B8D32600A3AF94 /* EasyGraphDetailViewController.m in Sources */ = {isa = PBXBuildFile; fileRef = A1F99B3E15B8D32600A3AF94 /* EasyGraphDetailViewController.m */; };
		A1F99B4215B8D32700A3AF94 /* EasyGraphMasterViewController.xib in Resources */ = {isa = PBXBuildFile; fileRef = A1F99B4015B8D32700A3AF94 /* EasyGraphMasterViewController.xib */; };
		A1F99B4515B8D32700A3AF94 /* EasyGraphDetailViewController.xib in Resources */ = {isa = PBXBuildFile; fileRef = A1F99B4315B8D32700A3AF94 /* EasyGraphDetailViewController.xib */; };
		A1F99B7D15B8E94600A3AF94 /* EasyGraphCanvas.m in Sources */ = {isa = PBXBuildFile; fileRef = A1F99B7C15B8E94600A3AF94 /* EasyGraphCanvas.m */; };
/* End PBXBuildFile section */

/* Begin PBXFileReference section */
		A11E600E1631E52200F0877C /* EasyGraphExporterViewController.h */ = {isa = PBXFileReference; fileEncoding = 4; lastKnownFileType = sourcecode.c.h; path = EasyGraphExporterViewController.h; sourceTree = "<group>"; };
		A11E600F1631E52300F0877C /* EasyGraphExporterViewController.m */ = {isa = PBXFileReference; fileEncoding = 4; lastKnownFileType = sourcecode.c.objc; path = EasyGraphExporterViewController.m; sourceTree = "<group>"; };
		A11E60101631E52300F0877C /* EasyGraphExporterViewController.xib */ = {isa = PBXFileReference; fileEncoding = 4; lastKnownFileType = file.xib; path = EasyGraphExporterViewController.xib; sourceTree = "<group>"; };
		A12499121638B9FB0021FB3C /* EasyGraphPetersenIcon.png */ = {isa = PBXFileReference; lastKnownFileType = image.png; path = EasyGraphPetersenIcon.png; sourceTree = SOURCE_ROOT; };
		A1B4A1CC15BCED2C00B80867 /* EasyGraphEdgeView.h */ = {isa = PBXFileReference; fileEncoding = 4; lastKnownFileType = sourcecode.c.h; path = EasyGraphEdgeView.h; sourceTree = "<group>"; };
		A1B4A1CD15BCED2C00B80867 /* EasyGraphEdgeView.m */ = {isa = PBXFileReference; fileEncoding = 4; lastKnownFileType = sourcecode.c.objc; path = EasyGraphEdgeView.m; sourceTree = "<group>"; };
		A1B5A64115B9EBE000EEC312 /* EasyGraphVertexView.h */ = {isa = PBXFileReference; fileEncoding = 4; lastKnownFileType = sourcecode.c.h; path = EasyGraphVertexView.h; sourceTree = "<group>"; };
		A1B5A64215B9EBE000EEC312 /* EasyGraphVertexView.m */ = {isa = PBXFileReference; fileEncoding = 4; lastKnownFileType = sourcecode.c.objc; path = EasyGraphVertexView.m; sourceTree = "<group>"; };
		A1B5A64D15BAB5E100EEC312 /* QuartzCore.framework */ = {isa = PBXFileReference; lastKnownFileType = wrapper.framework; name = QuartzCore.framework; path = System/Library/Frameworks/QuartzCore.framework; sourceTree = SDKROOT; };
		A1B60BDC163F48A5007D943E /* EasyGraphPopoverBackgroundView.h */ = {isa = PBXFileReference; fileEncoding = 4; lastKnownFileType = sourcecode.c.h; path = EasyGraphPopoverBackgroundView.h; sourceTree = "<group>"; };
		A1B60BDD163F48A5007D943E /* EasyGraphPopoverBackgroundView.m */ = {isa = PBXFileReference; fileEncoding = 4; lastKnownFileType = sourcecode.c.objc; path = EasyGraphPopoverBackgroundView.m; sourceTree = "<group>"; };
		A1EE420D1641C55400323664 /* EasyGraphElement.h */ = {isa = PBXFileReference; fileEncoding = 4; lastKnownFileType = sourcecode.c.h; path = EasyGraphElement.h; sourceTree = "<group>"; };
		A1EE420E1641C55400323664 /* EasyGraphElement.m */ = {isa = PBXFileReference; fileEncoding = 4; lastKnownFileType = sourcecode.c.objc; path = EasyGraphElement.m; sourceTree = "<group>"; };
		A1EE421116420D1E00323664 /* bg-popover-arrow.png */ = {isa = PBXFileReference; lastKnownFileType = image.png; path = "bg-popover-arrow.png"; sourceTree = "<group>"; };
		A1EE421216420D1E00323664 /* bg-popover-grey.png */ = {isa = PBXFileReference; lastKnownFileType = image.png; path = "bg-popover-grey.png"; sourceTree = "<group>"; };
		A1EE42191642128900323664 /* DropboxSDK.framework */ = {isa = PBXFileReference; lastKnownFileType = wrapper.framework; path = DropboxSDK.framework; sourceTree = "<group>"; };
		A1EE421F1642153500323664 /* Security.framework */ = {isa = PBXFileReference; lastKnownFileType = wrapper.framework; name = Security.framework; path = System/Library/Frameworks/Security.framework; sourceTree = SDKROOT; };
		A1F99B2415B8D32600A3AF94 /* EasyGraph.app */ = {isa = PBXFileReference; explicitFileType = wrapper.application; includeInIndex = 0; path = EasyGraph.app; sourceTree = BUILT_PRODUCTS_DIR; };
		A1F99B2815B8D32600A3AF94 /* UIKit.framework */ = {isa = PBXFileReference; lastKnownFileType = wrapper.framework; name = UIKit.framework; path = System/Library/Frameworks/UIKit.framework; sourceTree = SDKROOT; };
		A1F99B2A15B8D32600A3AF94 /* Foundation.framework */ = {isa = PBXFileReference; lastKnownFileType = wrapper.framework; name = Foundation.framework; path = System/Library/Frameworks/Foundation.framework; sourceTree = SDKROOT; };
		A1F99B2C15B8D32600A3AF94 /* CoreGraphics.framework */ = {isa = PBXFileReference; lastKnownFileType = wrapper.framework; name = CoreGraphics.framework; path = System/Library/Frameworks/CoreGraphics.framework; sourceTree = SDKROOT; };
		A1F99B3015B8D32600A3AF94 /* EasyGraph-Info.plist */ = {isa = PBXFileReference; lastKnownFileType = text.plist.xml; path = "EasyGraph-Info.plist"; sourceTree = "<group>"; };
		A1F99B3215B8D32600A3AF94 /* en */ = {isa = PBXFileReference; lastKnownFileType = text.plist.strings; name = en; path = en.lproj/InfoPlist.strings; sourceTree = "<group>"; };
		A1F99B3415B8D32600A3AF94 /* main.m */ = {isa = PBXFileReference; lastKnownFileType = sourcecode.c.objc; path = main.m; sourceTree = "<group>"; };
		A1F99B3615B8D32600A3AF94 /* EasyGraph-Prefix.pch */ = {isa = PBXFileReference; lastKnownFileType = sourcecode.c.h; path = "EasyGraph-Prefix.pch"; sourceTree = "<group>"; };
		A1F99B3715B8D32600A3AF94 /* EasyGraphAppDelegate.h */ = {isa = PBXFileReference; lastKnownFileType = sourcecode.c.h; path = EasyGraphAppDelegate.h; sourceTree = "<group>"; };
		A1F99B3815B8D32600A3AF94 /* EasyGraphAppDelegate.m */ = {isa = PBXFileReference; lastKnownFileType = sourcecode.c.objc; path = EasyGraphAppDelegate.m; sourceTree = "<group>"; };
		A1F99B3A15B8D32600A3AF94 /* EasyGraphMasterViewController.h */ = {isa = PBXFileReference; lastKnownFileType = sourcecode.c.h; path = EasyGraphMasterViewController.h; sourceTree = "<group>"; };
		A1F99B3B15B8D32600A3AF94 /* EasyGraphMasterViewController.m */ = {isa = PBXFileReference; lastKnownFileType = sourcecode.c.objc; path = EasyGraphMasterViewController.m; sourceTree = "<group>"; };
		A1F99B3D15B8D32600A3AF94 /* EasyGraphDetailViewController.h */ = {isa = PBXFileReference; lastKnownFileType = sourcecode.c.h; path = EasyGraphDetailViewController.h; sourceTree = "<group>"; };
		A1F99B3E15B8D32600A3AF94 /* EasyGraphDetailViewController.m */ = {isa = PBXFileReference; lastKnownFileType = sourcecode.c.objc; path = EasyGraphDetailViewController.m; sourceTree = "<group>"; };
		A1F99B4115B8D32700A3AF94 /* en */ = {isa = PBXFileReference; lastKnownFileType = file.xib; name = en; path = en.lproj/EasyGraphMasterViewController.xib; sourceTree = "<group>"; };
		A1F99B4415B8D32700A3AF94 /* en */ = {isa = PBXFileReference; lastKnownFileType = file.xib; name = en; path = en.lproj/EasyGraphDetailViewController.xib; sourceTree = "<group>"; };
		A1F99B7B15B8E94600A3AF94 /* EasyGraphCanvas.h */ = {isa = PBXFileReference; fileEncoding = 4; lastKnownFileType = sourcecode.c.h; path = EasyGraphCanvas.h; sourceTree = "<group>"; };
		A1F99B7C15B8E94600A3AF94 /* EasyGraphCanvas.m */ = {isa = PBXFileReference; fileEncoding = 4; lastKnownFileType = sourcecode.c.objc; path = EasyGraphCanvas.m; sourceTree = "<group>"; };
/* End PBXFileReference section */

/* Begin PBXFrameworksBuildPhase section */
		A1F99B2115B8D32600A3AF94 /* Frameworks */ = {
			isa = PBXFrameworksBuildPhase;
			buildActionMask = 2147483647;
			files = (
				A1EE42201642153500323664 /* Security.framework in Frameworks */,
				A1B5A64E15BAB5E100EEC312 /* QuartzCore.framework in Frameworks */,
				A1F99B2915B8D32600A3AF94 /* UIKit.framework in Frameworks */,
				A1F99B2B15B8D32600A3AF94 /* Foundation.framework in Frameworks */,
				A1F99B2D15B8D32600A3AF94 /* CoreGraphics.framework in Frameworks */,
				A1EE421A1642128900323664 /* DropboxSDK.framework in Frameworks */,
			);
			runOnlyForDeploymentPostprocessing = 0;
		};
/* End PBXFrameworksBuildPhase section */

/* Begin PBXGroup section */
		A11E60141631E53B00F0877C /* EasyGraphExporter */ = {
			isa = PBXGroup;
			children = (
				A11E600E1631E52200F0877C /* EasyGraphExporterViewController.h */,
				A11E600F1631E52300F0877C /* EasyGraphExporterViewController.m */,
				A11E60101631E52300F0877C /* EasyGraphExporterViewController.xib */,
			);
			name = EasyGraphExporter;
			sourceTree = "<group>";
		};
		A1F99B1915B8D32600A3AF94 = {
			isa = PBXGroup;
			children = (
				A1F99B2E15B8D32600A3AF94 /* EasyGraph */,
				A1F99B2715B8D32600A3AF94 /* Frameworks */,
				A1F99B2515B8D32600A3AF94 /* Products */,
			);
			sourceTree = "<group>";
		};
		A1F99B2515B8D32600A3AF94 /* Products */ = {
			isa = PBXGroup;
			children = (
				A1F99B2415B8D32600A3AF94 /* EasyGraph.app */,
			);
			name = Products;
			sourceTree = "<group>";
		};
		A1F99B2715B8D32600A3AF94 /* Frameworks */ = {
			isa = PBXGroup;
			children = (
				A1EE421F1642153500323664 /* Security.framework */,
				A1B5A64D15BAB5E100EEC312 /* QuartzCore.framework */,
				A1EE42191642128900323664 /* DropboxSDK.framework */,
				A1F99B2815B8D32600A3AF94 /* UIKit.framework */,
				A1F99B2A15B8D32600A3AF94 /* Foundation.framework */,
				A1F99B2C15B8D32600A3AF94 /* CoreGraphics.framework */,
			);
			name = Frameworks;
			sourceTree = "<group>";
		};
		A1F99B2E15B8D32600A3AF94 /* EasyGraph */ = {
			isa = PBXGroup;
			children = (
				A1F99B3715B8D32600A3AF94 /* EasyGraphAppDelegate.h */,
				A1F99B3815B8D32600A3AF94 /* EasyGraphAppDelegate.m */,
				A1F99B3A15B8D32600A3AF94 /* EasyGraphMasterViewController.h */,
				A1F99B3B15B8D32600A3AF94 /* EasyGraphMasterViewController.m */,
				A1F99B3D15B8D32600A3AF94 /* EasyGraphDetailViewController.h */,
				A1F99B3E15B8D32600A3AF94 /* EasyGraphDetailViewController.m */,
				A1B60BDC163F48A5007D943E /* EasyGraphPopoverBackgroundView.h */,
				A1B60BDD163F48A5007D943E /* EasyGraphPopoverBackgroundView.m */,
				A11E60141631E53B00F0877C /* EasyGraphExporter */,
				A1F99B7B15B8E94600A3AF94 /* EasyGraphCanvas.h */,
				A1EE420D1641C55400323664 /* EasyGraphElement.h */,
				A1EE420E1641C55400323664 /* EasyGraphElement.m */,
				A1F99B7C15B8E94600A3AF94 /* EasyGraphCanvas.m */,
				A1B5A64115B9EBE000EEC312 /* EasyGraphVertexView.h */,
				A1B5A64215B9EBE000EEC312 /* EasyGraphVertexView.m */,
				A1B4A1CC15BCED2C00B80867 /* EasyGraphEdgeView.h */,
				A1B4A1CD15BCED2C00B80867 /* EasyGraphEdgeView.m */,
				A1F99B4015B8D32700A3AF94 /* EasyGraphMasterViewController.xib */,
				A1F99B4315B8D32700A3AF94 /* EasyGraphDetailViewController.xib */,
				A1F99B2F15B8D32600A3AF94 /* Supporting Files */,
			);
			path = EasyGraph;
			sourceTree = "<group>";
		};
		A1F99B2F15B8D32600A3AF94 /* Supporting Files */ = {
			isa = PBXGroup;
			children = (
				A1EE421116420D1E00323664 /* bg-popover-arrow.png */,
				A1EE421216420D1E00323664 /* bg-popover-grey.png */,
				A1F99B3015B8D32600A3AF94 /* EasyGraph-Info.plist */,
				A12499121638B9FB0021FB3C /* EasyGraphPetersenIcon.png */,
				A1F99B3115B8D32600A3AF94 /* InfoPlist.strings */,
				A1F99B3415B8D32600A3AF94 /* main.m */,
				A1F99B3615B8D32600A3AF94 /* EasyGraph-Prefix.pch */,
			);
			name = "Supporting Files";
			sourceTree = "<group>";
		};
/* End PBXGroup section */

/* Begin PBXNativeTarget section */
		A1F99B2315B8D32600A3AF94 /* EasyGraph */ = {
			isa = PBXNativeTarget;
			buildConfigurationList = A1F99B4815B8D32700A3AF94 /* Build configuration list for PBXNativeTarget "EasyGraph" */;
			buildPhases = (
				A1F99B2015B8D32600A3AF94 /* Sources */,
				A1F99B2115B8D32600A3AF94 /* Frameworks */,
				A1F99B2215B8D32600A3AF94 /* Resources */,
			);
			buildRules = (
			);
			dependencies = (
			);
			name = EasyGraph;
			productName = EasyGraph;
			productReference = A1F99B2415B8D32600A3AF94 /* EasyGraph.app */;
			productType = "com.apple.product-type.application";
		};
/* End PBXNativeTarget section */

/* Begin PBXProject section */
		A1F99B1B15B8D32600A3AF94 /* Project object */ = {
			isa = PBXProject;
			attributes = {
				CLASSPREFIX = EasyGraph;
				LastUpgradeCheck = 0440;
			};
			buildConfigurationList = A1F99B1E15B8D32600A3AF94 /* Build configuration list for PBXProject "EasyGraph" */;
			compatibilityVersion = "Xcode 3.2";
			developmentRegion = English;
			hasScannedForEncodings = 0;
			knownRegions = (
				en,
			);
			mainGroup = A1F99B1915B8D32600A3AF94;
			productRefGroup = A1F99B2515B8D32600A3AF94 /* Products */;
			projectDirPath = "";
			projectRoot = "";
			targets = (
				A1F99B2315B8D32600A3AF94 /* EasyGraph */,
			);
		};
/* End PBXProject section */

/* Begin PBXResourcesBuildPhase section */
		A1F99B2215B8D32600A3AF94 /* Resources */ = {
			isa = PBXResourcesBuildPhase;
			buildActionMask = 2147483647;
			files = (
				A1F99B3315B8D32600A3AF94 /* InfoPlist.strings in Resources */,
				A1F99B4215B8D32700A3AF94 /* EasyGraphMasterViewController.xib in Resources */,
				A1F99B4515B8D32700A3AF94 /* EasyGraphDetailViewController.xib in Resources */,
				A11E60121631E52300F0877C /* EasyGraphExporterViewController.xib in Resources */,
				A12499131638B9FB0021FB3C /* EasyGraphPetersenIcon.png in Resources */,
				A1EE421316420D1E00323664 /* bg-popover-arrow.png in Resources */,
				A1EE421416420D1E00323664 /* bg-popover-grey.png in Resources */,
			);
			runOnlyForDeploymentPostprocessing = 0;
		};
/* End PBXResourcesBuildPhase section */

/* Begin PBXSourcesBuildPhase section */
		A1F99B2015B8D32600A3AF94 /* Sources */ = {
			isa = PBXSourcesBuildPhase;
			buildActionMask = 2147483647;
			files = (
				A1F99B3515B8D32600A3AF94 /* main.m in Sources */,
				A1F99B3915B8D32600A3AF94 /* EasyGraphAppDelegate.m in Sources */,
				A1F99B3C15B8D32600A3AF94 /* EasyGraphMasterViewController.m in Sources */,
				A1F99B3F15B8D32600A3AF94 /* EasyGraphDetailViewController.m in Sources */,
				A1F99B7D15B8E94600A3AF94 /* EasyGraphCanvas.m in Sources */,
				A1B5A64315B9EBE000EEC312 /* EasyGraphVertexView.m in Sources */,
				A1B4A1CE15BCED2C00B80867 /* EasyGraphEdgeView.m in Sources */,
				A11E60111631E52300F0877C /* EasyGraphExporterViewController.m in Sources */,
				A1B60BDE163F48A5007D943E /* EasyGraphPopoverBackgroundView.m in Sources */,
				A1EE420F1641C55400323664 /* EasyGraphElement.m in Sources */,
			);
			runOnlyForDeploymentPostprocessing = 0;
		};
/* End PBXSourcesBuildPhase section */

/* Begin PBXVariantGroup section */
		A1F99B3115B8D32600A3AF94 /* InfoPlist.strings */ = {
			isa = PBXVariantGroup;
			children = (
				A1F99B3215B8D32600A3AF94 /* en */,
			);
			name = InfoPlist.strings;
			sourceTree = "<group>";
		};
		A1F99B4015B8D32700A3AF94 /* EasyGraphMasterViewController.xib */ = {
			isa = PBXVariantGroup;
			children = (
				A1F99B4115B8D32700A3AF94 /* en */,
			);
			name = EasyGraphMasterViewController.xib;
			sourceTree = "<group>";
		};
		A1F99B4315B8D32700A3AF94 /* EasyGraphDetailViewController.xib */ = {
			isa = PBXVariantGroup;
			children = (
				A1F99B4415B8D32700A3AF94 /* en */,
			);
			name = EasyGraphDetailViewController.xib;
			sourceTree = "<group>";
		};
/* End PBXVariantGroup section */

/* Begin XCBuildConfiguration section */
		A1F99B4615B8D32700A3AF94 /* Debug */ = {
			isa = XCBuildConfiguration;
			buildSettings = {
				ALWAYS_SEARCH_USER_PATHS = NO;
				ARCHS = "$(ARCHS_STANDARD_32_BIT)";
				CLANG_ENABLE_OBJC_ARC = YES;
				"CODE_SIGN_IDENTITY[sdk=iphoneos*]" = "iPhone Developer";
				COPY_PHASE_STRIP = NO;
				GCC_C_LANGUAGE_STANDARD = gnu99;
				GCC_DYNAMIC_NO_PIC = NO;
				GCC_OPTIMIZATION_LEVEL = 0;
				GCC_PREPROCESSOR_DEFINITIONS = (
					"DEBUG=1",
					"$(inherited)",
				);
				GCC_SYMBOLS_PRIVATE_EXTERN = NO;
				GCC_VERSION = com.apple.compilers.llvm.clang.1_0;
				GCC_WARN_ABOUT_RETURN_TYPE = YES;
				GCC_WARN_UNINITIALIZED_AUTOS = YES;
				GCC_WARN_UNUSED_VARIABLE = YES;
				IPHONEOS_DEPLOYMENT_TARGET = 5.1;
				SDKROOT = iphoneos;
				TARGETED_DEVICE_FAMILY = 2;
			};
			name = Debug;
		};
		A1F99B4715B8D32700A3AF94 /* Release */ = {
			isa = XCBuildConfiguration;
			buildSettings = {
				ALWAYS_SEARCH_USER_PATHS = NO;
				ARCHS = "$(ARCHS_STANDARD_32_BIT)";
				CLANG_ENABLE_OBJC_ARC = YES;
				"CODE_SIGN_IDENTITY[sdk=iphoneos*]" = "iPhone Developer";
				COPY_PHASE_STRIP = YES;
				GCC_C_LANGUAGE_STANDARD = gnu99;
				GCC_VERSION = com.apple.compilers.llvm.clang.1_0;
				GCC_WARN_ABOUT_RETURN_TYPE = YES;
				GCC_WARN_UNINITIALIZED_AUTOS = YES;
				GCC_WARN_UNUSED_VARIABLE = YES;
				IPHONEOS_DEPLOYMENT_TARGET = 5.1;
				OTHER_CFLAGS = "-DNS_BLOCK_ASSERTIONS=1";
				SDKROOT = iphoneos;
				TARGETED_DEVICE_FAMILY = 2;
				VALIDATE_PRODUCT = YES;
			};
			name = Release;
		};
		A1F99B4915B8D32700A3AF94 /* Debug */ = {
			isa = XCBuildConfiguration;
			buildSettings = {
				CODE_SIGN_ENTITLEMENTS = EasyGraph/EasyGraph.entitlements;
				CODE_SIGN_IDENTITY = "iPhone Developer";
				COMBINE_HIDPI_IMAGES = YES;
				FRAMEWORK_SEARCH_PATHS = (
					"$(inherited)",
					"\"$(SRCROOT)\"",
				);
				GCC_PRECOMPILE_PREFIX_HEADER = YES;
				GCC_PREFIX_HEADER = "EasyGraph/EasyGraph-Prefix.pch";
				INFOPLIST_FILE = "EasyGraph/EasyGraph-Info.plist";
				OTHER_CODE_SIGN_FLAGS = "-gta";
				PRODUCT_NAME = EasyGraph;
				PROVISIONING_PROFILE = "";
				SDKROOT = iphoneos;
				VALID_ARCHS = armv7;
				WRAPPER_EXTENSION = app;
			};
			name = Debug;
		};
		A1F99B4A15B8D32700A3AF94 /* Release */ = {
			isa = XCBuildConfiguration;
			buildSettings = {
				CODE_SIGN_ENTITLEMENTS = EasyGraph/EasyGraph.entitlements;
				CODE_SIGN_IDENTITY = "iPhone Developer";
				COMBINE_HIDPI_IMAGES = YES;
				FRAMEWORK_SEARCH_PATHS = (
					"$(inherited)",
					"\"$(SRCROOT)\"",
				);
				GCC_PRECOMPILE_PREFIX_HEADER = YES;
				GCC_PREFIX_HEADER = "EasyGraph/EasyGraph-Prefix.pch";
				INFOPLIST_FILE = "EasyGraph/EasyGraph-Info.plist";
				OTHER_CODE_SIGN_FLAGS = "-gta";
				PRODUCT_NAME = EasyGraph;
				PROVISIONING_PROFILE = "";
				SDKROOT = iphoneos;
				VALID_ARCHS = armv7;
				WRAPPER_EXTENSION = app;
			};
			name = Release;
		};
/* End XCBuildConfiguration section */

/* Begin XCConfigurationList section */
		A1F99B1E15B8D32600A3AF94 /* Build configuration list for PBXProject "EasyGraph" */ = {
			isa = XCConfigurationList;
			buildConfigurations = (
				A1F99B4615B8D32700A3AF94 /* Debug */,
				A1F99B4715B8D32700A3AF94 /* Release */,
			);
			defaultConfigurationIsVisible = 0;
			defaultConfigurationName = Release;
		};
		A1F99B4815B8D32700A3AF94 /* Build configuration list for PBXNativeTarget "EasyGraph" */ = {
			isa = XCConfigurationList;
			buildConfigurations = (
				A1F99B4915B8D32700A3AF94 /* Debug */,
				A1F99B4A15B8D32700A3AF94 /* Release */,
			);
			defaultConfigurationIsVisible = 0;
			defaultConfigurationName = Release;
		};
/* End XCConfigurationList section */
	};
	rootObject = A1F99B1B15B8D32600A3AF94 /* Project object */;
}
